
Microsoft Visual Studio Solution File, Format Version 12.00
# Visual Studio 2012
Project("{FAE04EC0-301F-11D3-BF4B-00C04F79EFBC}") = "Dolphin.Domain", "Dolphin.Domain\Dolphin.Domain.csproj", "{754977CA-A3C4-4237-ABAF-88286939954D}"
EndProject
Project("{FAE04EC0-301F-11D3-BF4B-00C04F79EFBC}") = "Dolphin.Domain.UnitTesting", "Dolphin.Domain.UnitTesting\Dolphin.Domain.UnitTesting.csproj", "{288B8A6B-7C2F-4332-B758-C287C1F58F91}"
EndProject
Project("{2150E333-8FDC-42A3-9474-1A3956D46DE8}") = "Domain", "Domain", "{A53DFB26-3633-4F3C-90A4-22B8EACE6D9F}"
EndProject
Global
	GlobalSection(SolutionConfigurationPlatforms) = preSolution
		Debug|Any CPU = Debug|Any CPU
		Release|Any CPU = Release|Any CPU
	EndGlobalSection
	GlobalSection(ProjectConfigurationPlatforms) = postSolution
		{754977CA-A3C4-4237-ABAF-88286939954D}.Debug|Any CPU.ActiveCfg = Debug|Any CPU
		{754977CA-A3C4-4237-ABAF-88286939954D}.Debug|Any CPU.Build.0 = Debug|Any CPU
		{754977CA-A3C4-4237-ABAF-88286939954D}.Release|Any CPU.ActiveCfg = Release|Any CPU
		{754977CA-A3C4-4237-ABAF-88286939954D}.Release|Any CPU.Build.0 = Release|Any CPU
		{288B8A6B-7C2F-4332-B758-C287C1F58F91}.Debug|Any CPU.ActiveCfg = Debug|Any CPU
		{288B8A6B-7C2F-4332-B758-C287C1F58F91}.Debug|Any CPU.Build.0 = Debug|Any CPU
		{288B8A6B-7C2F-4332-B758-C287C1F58F91}.Release|Any CPU.ActiveCfg = Release|Any CPU
		{288B8A6B-7C2F-4332-B758-C287C1F58F91}.Release|Any CPU.Build.0 = Release|Any CPU
	EndGlobalSection
	GlobalSection(SolutionProperties) = preSolution
		HideSolutionNode = FALSE
	EndGlobalSection
	GlobalSection(NestedProjects) = preSolution
		{754977CA-A3C4-4237-ABAF-88286939954D} = {A53DFB26-3633-4F3C-90A4-22B8EACE6D9F}
		{288B8A6B-7C2F-4332-B758-C287C1F58F91} = {A53DFB26-3633-4F3C-90A4-22B8EACE6D9F}
	EndGlobalSection
EndGlobal
